
Microsoft Visual Studio Solution File, Format Version 12.00
# Visual Studio Version 16
VisualStudioVersion = 16.0.29519.87
MinimumVisualStudioVersion = 10.0.40219.1
Project("{FAE04EC0-301F-11D3-BF4B-00C04F79EFBC}") = "AnimeOpeningQuiz", "AnimeOpeningQuiz\AnimeOpeningQuiz.csproj", "{F86DB269-E689-41C7-89BD-2B291A9ACD91}"
EndProject
Global
	GlobalSection(SolutionConfigurationPlatforms) = preSolution
		Debug|Any CPU = Debug|Any CPU
		Release|Any CPU = Release|Any CPU
	EndGlobalSection
	GlobalSection(ProjectConfigurationPlatforms) = postSolution
		{F86DB269-E689-41C7-89BD-2B291A9ACD91}.Debug|Any CPU.ActiveCfg = Debug|Any CPU
		{F86DB269-E689-41C7-89BD-2B291A9ACD91}.Debug|Any CPU.Build.0 = Debug|Any CPU
		{F86DB269-E689-41C7-89BD-2B291A9ACD91}.Release|Any CPU.ActiveCfg = Release|Any CPU
		{F86DB269-E689-41C7-89BD-2B291A9ACD91}.Release|Any CPU.Build.0 = Release|Any CPU
	EndGlobalSection
	GlobalSection(SolutionProperties) = preSolution
		HideSolutionNode = FALSE
	EndGlobalSection
	GlobalSection(ExtensibilityGlobals) = postSolution
		SolutionGuid = {1E26D5C6-C209-4B6B-9D72-A32B97D431F2}
	EndGlobalSection
EndGlobal
